
Microsoft Visual Studio Solution File, Format Version 12.00
# Visual Studio 14
VisualStudioVersion = 14.0.24720.0
MinimumVisualStudioVersion = 10.0.40219.1
Project("{2150E333-8FDC-42A3-9474-1A3956D46DE8}") = "Server", "Server", "{E035FAD7-54AD-4673-8F36-AFD9C1269787}"
EndProject
Project("{2150E333-8FDC-42A3-9474-1A3956D46DE8}") = "Client", "Client", "{1A0BC3BE-1D5F-4886-BA24-547189BE9E96}"
EndProject
Project("{FAE04EC0-301F-11D3-BF4B-00C04F79EFBC}") = "Perceptyx.Core", "Server\Perceptyx.Core\Perceptyx.Core.csproj", "{81342396-7FC4-4DD1-A1D9-8CC76E317485}"
EndProject
Project("{2150E333-8FDC-42A3-9474-1A3956D46DE8}") = "Admin", "Admin", "{B26AF9F3-4708-4C70-8ADF-20266CA5629E}"
EndProject
Project("{2150E333-8FDC-42A3-9474-1A3956D46DE8}") = "Public", "Public", "{93944935-D98B-4B38-9CDA-6CFC37B1CE39}"
EndProject
Project("{FAE04EC0-301F-11D3-BF4B-00C04F79EFBC}") = "Perceptyx.API", "Server\Perceptyx.API\Perceptyx.API.csproj", "{DF56316D-8D35-4F7D-AA31-2BADFB5457E1}"
EndProject
Project("{FAE04EC0-301F-11D3-BF4B-00C04F79EFBC}") = "PerceptyxPublic.Droid", "PerceptyxPublic\PerceptyxPublic.Droid\PerceptyxPublic.Droid.csproj", "{23968FF3-2597-46DF-9D81-ED939D3967B5}"
EndProject
Project("{FAE04EC0-301F-11D3-BF4B-00C04F79EFBC}") = "PerceptyxPublic.iOS", "PerceptyxPublic\PerceptyxPublic.iOS\PerceptyxPublic.iOS.csproj", "{A066574E-2091-4039-9013-53536EE300D4}"
EndProject
Project("{FAE04EC0-301F-11D3-BF4B-00C04F79EFBC}") = "PerceptyxPublic", "PerceptyxPublic\PerceptyxPublic\PerceptyxPublic.csproj", "{75E0DE55-BA5E-43A1-A4F9-FA445D83068E}"
EndProject
Project("{FAE04EC0-301F-11D3-BF4B-00C04F79EFBC}") = "PerceptyxAdmin.Droid", "Client\Admin\PerceptyxAdmin\PerceptyxAdmin.Droid\PerceptyxAdmin.Droid.csproj", "{5321AEA7-6725-4787-8C08-F51F1E7D0F1E}"
EndProject
Project("{FAE04EC0-301F-11D3-BF4B-00C04F79EFBC}") = "PerceptyxAdmin.iOS", "Client\Admin\PerceptyxAdmin\PerceptyxAdmin.iOS\PerceptyxAdmin.iOS.csproj", "{1C5D1121-DC2D-4F6D-81FD-5988742743BE}"
EndProject
Project("{FAE04EC0-301F-11D3-BF4B-00C04F79EFBC}") = "PerceptyxAdmin", "Client\Admin\PerceptyxAdmin\PerceptyxAdmin\PerceptyxAdmin.csproj", "{DB8B3AD2-7F48-41E9-B6D5-62388F3DDAFE}"
EndProject
Project("{FAE04EC0-301F-11D3-BF4B-00C04F79EFBC}") = "Perceptyx.Core.Text", "Server\Perceptyx.Core.Text\Perceptyx.Core.Text.csproj", "{4F01CAB6-E7D4-4767-844F-33DBA094A135}"
EndProject
Global
	GlobalSection(SolutionConfigurationPlatforms) = preSolution
		Ad-Hoc|Any CPU = Ad-Hoc|Any CPU
		Ad-Hoc|iPhone = Ad-Hoc|iPhone
		Ad-Hoc|iPhoneSimulator = Ad-Hoc|iPhoneSimulator
		AppStore|Any CPU = AppStore|Any CPU
		AppStore|iPhone = AppStore|iPhone
		AppStore|iPhoneSimulator = AppStore|iPhoneSimulator
		Debug|Any CPU = Debug|Any CPU
		Debug|iPhone = Debug|iPhone
		Debug|iPhoneSimulator = Debug|iPhoneSimulator
		Release|Any CPU = Release|Any CPU
		Release|iPhone = Release|iPhone
		Release|iPhoneSimulator = Release|iPhoneSimulator
	EndGlobalSection
	GlobalSection(ProjectConfigurationPlatforms) = postSolution
		{81342396-7FC4-4DD1-A1D9-8CC76E317485}.Ad-Hoc|Any CPU.ActiveCfg = Release|Any CPU
		{81342396-7FC4-4DD1-A1D9-8CC76E317485}.Ad-Hoc|Any CPU.Build.0 = Release|Any CPU
		{81342396-7FC4-4DD1-A1D9-8CC76E317485}.Ad-Hoc|iPhone.ActiveCfg = Release|Any CPU
		{81342396-7FC4-4DD1-A1D9-8CC76E317485}.Ad-Hoc|iPhone.Build.0 = Release|Any CPU
		{81342396-7FC4-4DD1-A1D9-8CC76E317485}.Ad-Hoc|iPhoneSimulator.ActiveCfg = Release|Any CPU
		{81342396-7FC4-4DD1-A1D9-8CC76E317485}.Ad-Hoc|iPhoneSimulator.Build.0 = Release|Any CPU
		{81342396-7FC4-4DD1-A1D9-8CC76E317485}.AppStore|Any CPU.ActiveCfg = Release|Any CPU
		{81342396-7FC4-4DD1-A1D9-8CC76E317485}.AppStore|Any CPU.Build.0 = Release|Any CPU
		{81342396-7FC4-4DD1-A1D9-8CC76E317485}.AppStore|iPhone.ActiveCfg = Release|Any CPU
		{81342396-7FC4-4DD1-A1D9-8CC76E317485}.AppStore|iPhone.Build.0 = Release|Any CPU
		{81342396-7FC4-4DD1-A1D9-8CC76E317485}.AppStore|iPhoneSimulator.ActiveCfg = Release|Any CPU
		{81342396-7FC4-4DD1-A1D9-8CC76E317485}.AppStore|iPhoneSimulator.Build.0 = Release|Any CPU
		{81342396-7FC4-4DD1-A1D9-8CC76E317485}.Debug|Any CPU.ActiveCfg = Debug|Any CPU
		{81342396-7FC4-4DD1-A1D9-8CC76E317485}.Debug|Any CPU.Build.0 = Debug|Any CPU
		{81342396-7FC4-4DD1-A1D9-8CC76E317485}.Debug|iPhone.ActiveCfg = Debug|Any CPU
		{81342396-7FC4-4DD1-A1D9-8CC76E317485}.Debug|iPhone.Build.0 = Debug|Any CPU
		{81342396-7FC4-4DD1-A1D9-8CC76E317485}.Debug|iPhoneSimulator.ActiveCfg = Debug|Any CPU
		{81342396-7FC4-4DD1-A1D9-8CC76E317485}.Debug|iPhoneSimulator.Build.0 = Debug|Any CPU
		{81342396-7FC4-4DD1-A1D9-8CC76E317485}.Release|Any CPU.ActiveCfg = Release|Any CPU
		{81342396-7FC4-4DD1-A1D9-8CC76E317485}.Release|Any CPU.Build.0 = Release|Any CPU
		{81342396-7FC4-4DD1-A1D9-8CC76E317485}.Release|iPhone.ActiveCfg = Release|Any CPU
		{81342396-7FC4-4DD1-A1D9-8CC76E317485}.Release|iPhone.Build.0 = Release|Any CPU
		{81342396-7FC4-4DD1-A1D9-8CC76E317485}.Release|iPhoneSimulator.ActiveCfg = Release|Any CPU
		{81342396-7FC4-4DD1-A1D9-8CC76E317485}.Release|iPhoneSimulator.Build.0 = Release|Any CPU
		{DF56316D-8D35-4F7D-AA31-2BADFB5457E1}.Ad-Hoc|Any CPU.ActiveCfg = Release|Any CPU
		{DF56316D-8D35-4F7D-AA31-2BADFB5457E1}.Ad-Hoc|Any CPU.Build.0 = Release|Any CPU
		{DF56316D-8D35-4F7D-AA31-2BADFB5457E1}.Ad-Hoc|iPhone.ActiveCfg = Release|Any CPU
		{DF56316D-8D35-4F7D-AA31-2BADFB5457E1}.Ad-Hoc|iPhone.Build.0 = Release|Any CPU
		{DF56316D-8D35-4F7D-AA31-2BADFB5457E1}.Ad-Hoc|iPhoneSimulator.ActiveCfg = Release|Any CPU
		{DF56316D-8D35-4F7D-AA31-2BADFB5457E1}.Ad-Hoc|iPhoneSimulator.Build.0 = Release|Any CPU
		{DF56316D-8D35-4F7D-AA31-2BADFB5457E1}.AppStore|Any CPU.ActiveCfg = Release|Any CPU
		{DF56316D-8D35-4F7D-AA31-2BADFB5457E1}.AppStore|Any CPU.Build.0 = Release|Any CPU
		{DF56316D-8D35-4F7D-AA31-2BADFB5457E1}.AppStore|iPhone.ActiveCfg = Release|Any CPU
		{DF56316D-8D35-4F7D-AA31-2BADFB5457E1}.AppStore|iPhone.Build.0 = Release|Any CPU
		{DF56316D-8D35-4F7D-AA31-2BADFB5457E1}.AppStore|iPhoneSimulator.ActiveCfg = Release|Any CPU
		{DF56316D-8D35-4F7D-AA31-2BADFB5457E1}.AppStore|iPhoneSimulator.Build.0 = Release|Any CPU
		{DF56316D-8D35-4F7D-AA31-2BADFB5457E1}.Debug|Any CPU.ActiveCfg = Debug|Any CPU
		{DF56316D-8D35-4F7D-AA31-2BADFB5457E1}.Debug|Any CPU.Build.0 = Debug|Any CPU
		{DF56316D-8D35-4F7D-AA31-2BADFB5457E1}.Debug|iPhone.ActiveCfg = Debug|Any CPU
		{DF56316D-8D35-4F7D-AA31-2BADFB5457E1}.Debug|iPhone.Build.0 = Debug|Any CPU
		{DF56316D-8D35-4F7D-AA31-2BADFB5457E1}.Debug|iPhoneSimulator.ActiveCfg = Debug|Any CPU
		{DF56316D-8D35-4F7D-AA31-2BADFB5457E1}.Debug|iPhoneSimulator.Build.0 = Debug|Any CPU
		{DF56316D-8D35-4F7D-AA31-2BADFB5457E1}.Release|Any CPU.ActiveCfg = Release|Any CPU
		{DF56316D-8D35-4F7D-AA31-2BADFB5457E1}.Release|Any CPU.Build.0 = Release|Any CPU
		{DF56316D-8D35-4F7D-AA31-2BADFB5457E1}.Release|iPhone.ActiveCfg = Release|Any CPU
		{DF56316D-8D35-4F7D-AA31-2BADFB5457E1}.Release|iPhone.Build.0 = Release|Any CPU
		{DF56316D-8D35-4F7D-AA31-2BADFB5457E1}.Release|iPhoneSimulator.ActiveCfg = Release|Any CPU
		{DF56316D-8D35-4F7D-AA31-2BADFB5457E1}.Release|iPhoneSimulator.Build.0 = Release|Any CPU
		{23968FF3-2597-46DF-9D81-ED939D3967B5}.Ad-Hoc|Any CPU.ActiveCfg = Release|Any CPU
		{23968FF3-2597-46DF-9D81-ED939D3967B5}.Ad-Hoc|Any CPU.Build.0 = Release|Any CPU
		{23968FF3-2597-46DF-9D81-ED939D3967B5}.Ad-Hoc|Any CPU.Deploy.0 = Release|Any CPU
		{23968FF3-2597-46DF-9D81-ED939D3967B5}.Ad-Hoc|iPhone.ActiveCfg = Release|Any CPU
		{23968FF3-2597-46DF-9D81-ED939D3967B5}.Ad-Hoc|iPhone.Build.0 = Release|Any CPU
		{23968FF3-2597-46DF-9D81-ED939D3967B5}.Ad-Hoc|iPhone.Deploy.0 = Release|Any CPU
		{23968FF3-2597-46DF-9D81-ED939D3967B5}.Ad-Hoc|iPhoneSimulator.ActiveCfg = Release|Any CPU
		{23968FF3-2597-46DF-9D81-ED939D3967B5}.Ad-Hoc|iPhoneSimulator.Build.0 = Release|Any CPU
		{23968FF3-2597-46DF-9D81-ED939D3967B5}.Ad-Hoc|iPhoneSimulator.Deploy.0 = Release|Any CPU
		{23968FF3-2597-46DF-9D81-ED939D3967B5}.AppStore|Any CPU.ActiveCfg = Release|Any CPU
		{23968FF3-2597-46DF-9D81-ED939D3967B5}.AppStore|Any CPU.Build.0 = Release|Any CPU
		{23968FF3-2597-46DF-9D81-ED939D3967B5}.AppStore|Any CPU.Deploy.0 = Release|Any CPU
		{23968FF3-2597-46DF-9D81-ED939D3967B5}.AppStore|iPhone.ActiveCfg = Release|Any CPU
		{23968FF3-2597-46DF-9D81-ED939D3967B5}.AppStore|iPhone.Build.0 = Release|Any CPU
		{23968FF3-2597-46DF-9D81-ED939D3967B5}.AppStore|iPhone.Deploy.0 = Release|Any CPU
		{23968FF3-2597-46DF-9D81-ED939D3967B5}.AppStore|iPhoneSimulator.ActiveCfg = Release|Any CPU
		{23968FF3-2597-46DF-9D81-ED939D3967B5}.AppStore|iPhoneSimulator.Build.0 = Release|Any CPU
		{23968FF3-2597-46DF-9D81-ED939D3967B5}.AppStore|iPhoneSimulator.Deploy.0 = Release|Any CPU
		{23968FF3-2597-46DF-9D81-ED939D3967B5}.Debug|Any CPU.ActiveCfg = Debug|Any CPU
		{23968FF3-2597-46DF-9D81-ED939D3967B5}.Debug|Any CPU.Build.0 = Debug|Any CPU
		{23968FF3-2597-46DF-9D81-ED939D3967B5}.Debug|Any CPU.Deploy.0 = Debug|Any CPU
		{23968FF3-2597-46DF-9D81-ED939D3967B5}.Debug|iPhone.ActiveCfg = Debug|Any CPU
		{23968FF3-2597-46DF-9D81-ED939D3967B5}.Debug|iPhone.Build.0 = Debug|Any CPU
		{23968FF3-2597-46DF-9D81-ED939D3967B5}.Debug|iPhone.Deploy.0 = Debug|Any CPU
		{23968FF3-2597-46DF-9D81-ED939D3967B5}.Debug|iPhoneSimulator.ActiveCfg = Debug|Any CPU
		{23968FF3-2597-46DF-9D81-ED939D3967B5}.Debug|iPhoneSimulator.Build.0 = Debug|Any CPU
		{23968FF3-2597-46DF-9D81-ED939D3967B5}.Debug|iPhoneSimulator.Deploy.0 = Debug|Any CPU
		{23968FF3-2597-46DF-9D81-ED939D3967B5}.Release|Any CPU.ActiveCfg = Release|Any CPU
		{23968FF3-2597-46DF-9D81-ED939D3967B5}.Release|Any CPU.Build.0 = Release|Any CPU
		{23968FF3-2597-46DF-9D81-ED939D3967B5}.Release|Any CPU.Deploy.0 = Release|Any CPU
		{23968FF3-2597-46DF-9D81-ED939D3967B5}.Release|iPhone.ActiveCfg = Release|Any CPU
		{23968FF3-2597-46DF-9D81-ED939D3967B5}.Release|iPhone.Build.0 = Release|Any CPU
		{23968FF3-2597-46DF-9D81-ED939D3967B5}.Release|iPhone.Deploy.0 = Release|Any CPU
		{23968FF3-2597-46DF-9D81-ED939D3967B5}.Release|iPhoneSimulator.ActiveCfg = Release|Any CPU
		{23968FF3-2597-46DF-9D81-ED939D3967B5}.Release|iPhoneSimulator.Build.0 = Release|Any CPU
		{23968FF3-2597-46DF-9D81-ED939D3967B5}.Release|iPhoneSimulator.Deploy.0 = Release|Any CPU
		{A066574E-2091-4039-9013-53536EE300D4}.Ad-Hoc|Any CPU.ActiveCfg = Ad-Hoc|iPhone
		{A066574E-2091-4039-9013-53536EE300D4}.Ad-Hoc|iPhone.ActiveCfg = Ad-Hoc|iPhone
		{A066574E-2091-4039-9013-53536EE300D4}.Ad-Hoc|iPhone.Build.0 = Ad-Hoc|iPhone
		{A066574E-2091-4039-9013-53536EE300D4}.Ad-Hoc|iPhoneSimulator.ActiveCfg = Ad-Hoc|iPhoneSimulator
		{A066574E-2091-4039-9013-53536EE300D4}.Ad-Hoc|iPhoneSimulator.Build.0 = Ad-Hoc|iPhoneSimulator
		{A066574E-2091-4039-9013-53536EE300D4}.AppStore|Any CPU.ActiveCfg = AppStore|iPhone
		{A066574E-2091-4039-9013-53536EE300D4}.AppStore|iPhone.ActiveCfg = AppStore|iPhone
		{A066574E-2091-4039-9013-53536EE300D4}.AppStore|iPhone.Build.0 = AppStore|iPhone
		{A066574E-2091-4039-9013-53536EE300D4}.AppStore|iPhoneSimulator.ActiveCfg = AppStore|iPhoneSimulator
		{A066574E-2091-4039-9013-53536EE300D4}.AppStore|iPhoneSimulator.Build.0 = AppStore|iPhoneSimulator
		{A066574E-2091-4039-9013-53536EE300D4}.Debug|Any CPU.ActiveCfg = Debug|iPhone
		{A066574E-2091-4039-9013-53536EE300D4}.Debug|iPhone.ActiveCfg = Debug|iPhone
		{A066574E-2091-4039-9013-53536EE300D4}.Debug|iPhone.Build.0 = Debug|iPhone
		{A066574E-2091-4039-9013-53536EE300D4}.Debug|iPhoneSimulator.ActiveCfg = Debug|iPhoneSimulator
		{A066574E-2091-4039-9013-53536EE300D4}.Debug|iPhoneSimulator.Build.0 = Debug|iPhoneSimulator
		{A066574E-2091-4039-9013-53536EE300D4}.Release|Any CPU.ActiveCfg = Release|iPhone
		{A066574E-2091-4039-9013-53536EE300D4}.Release|iPhone.ActiveCfg = Release|iPhone
		{A066574E-2091-4039-9013-53536EE300D4}.Release|iPhone.Build.0 = Release|iPhone
		{A066574E-2091-4039-9013-53536EE300D4}.Release|iPhoneSimulator.ActiveCfg = Release|iPhoneSimulator
		{A066574E-2091-4039-9013-53536EE300D4}.Release|iPhoneSimulator.Build.0 = Release|iPhoneSimulator
		{75E0DE55-BA5E-43A1-A4F9-FA445D83068E}.Ad-Hoc|Any CPU.ActiveCfg = Release|Any CPU
		{75E0DE55-BA5E-43A1-A4F9-FA445D83068E}.Ad-Hoc|Any CPU.Build.0 = Release|Any CPU
		{75E0DE55-BA5E-43A1-A4F9-FA445D83068E}.Ad-Hoc|iPhone.ActiveCfg = Release|Any CPU
		{75E0DE55-BA5E-43A1-A4F9-FA445D83068E}.Ad-Hoc|iPhone.Build.0 = Release|Any CPU
		{75E0DE55-BA5E-43A1-A4F9-FA445D83068E}.Ad-Hoc|iPhoneSimulator.ActiveCfg = Release|Any CPU
		{75E0DE55-BA5E-43A1-A4F9-FA445D83068E}.Ad-Hoc|iPhoneSimulator.Build.0 = Release|Any CPU
		{75E0DE55-BA5E-43A1-A4F9-FA445D83068E}.AppStore|Any CPU.ActiveCfg = Release|Any CPU
		{75E0DE55-BA5E-43A1-A4F9-FA445D83068E}.AppStore|Any CPU.Build.0 = Release|Any CPU
		{75E0DE55-BA5E-43A1-A4F9-FA445D83068E}.AppStore|iPhone.ActiveCfg = Release|Any CPU
		{75E0DE55-BA5E-43A1-A4F9-FA445D83068E}.AppStore|iPhone.Build.0 = Release|Any CPU
		{75E0DE55-BA5E-43A1-A4F9-FA445D83068E}.AppStore|iPhoneSimulator.ActiveCfg = Release|Any CPU
		{75E0DE55-BA5E-43A1-A4F9-FA445D83068E}.AppStore|iPhoneSimulator.Build.0 = Release|Any CPU
		{75E0DE55-BA5E-43A1-A4F9-FA445D83068E}.Debug|Any CPU.ActiveCfg = Debug|Any CPU
		{75E0DE55-BA5E-43A1-A4F9-FA445D83068E}.Debug|Any CPU.Build.0 = Debug|Any CPU
		{75E0DE55-BA5E-43A1-A4F9-FA445D83068E}.Debug|iPhone.ActiveCfg = Debug|Any CPU
		{75E0DE55-BA5E-43A1-A4F9-FA445D83068E}.Debug|iPhone.Build.0 = Debug|Any CPU
		{75E0DE55-BA5E-43A1-A4F9-FA445D83068E}.Debug|iPhoneSimulator.ActiveCfg = Debug|Any CPU
		{75E0DE55-BA5E-43A1-A4F9-FA445D83068E}.Debug|iPhoneSimulator.Build.0 = Debug|Any CPU
		{75E0DE55-BA5E-43A1-A4F9-FA445D83068E}.Release|Any CPU.ActiveCfg = Release|Any CPU
		{75E0DE55-BA5E-43A1-A4F9-FA445D83068E}.Release|Any CPU.Build.0 = Release|Any CPU
		{75E0DE55-BA5E-43A1-A4F9-FA445D83068E}.Release|iPhone.ActiveCfg = Release|Any CPU
		{75E0DE55-BA5E-43A1-A4F9-FA445D83068E}.Release|iPhone.Build.0 = Release|Any CPU
		{75E0DE55-BA5E-43A1-A4F9-FA445D83068E}.Release|iPhoneSimulator.ActiveCfg = Release|Any CPU
		{75E0DE55-BA5E-43A1-A4F9-FA445D83068E}.Release|iPhoneSimulator.Build.0 = Release|Any CPU
		{5321AEA7-6725-4787-8C08-F51F1E7D0F1E}.Ad-Hoc|Any CPU.ActiveCfg = Release|Any CPU
		{5321AEA7-6725-4787-8C08-F51F1E7D0F1E}.Ad-Hoc|Any CPU.Build.0 = Release|Any CPU
		{5321AEA7-6725-4787-8C08-F51F1E7D0F1E}.Ad-Hoc|Any CPU.Deploy.0 = Release|Any CPU
		{5321AEA7-6725-4787-8C08-F51F1E7D0F1E}.Ad-Hoc|iPhone.ActiveCfg = Release|Any CPU
		{5321AEA7-6725-4787-8C08-F51F1E7D0F1E}.Ad-Hoc|iPhone.Build.0 = Release|Any CPU
		{5321AEA7-6725-4787-8C08-F51F1E7D0F1E}.Ad-Hoc|iPhone.Deploy.0 = Release|Any CPU
		{5321AEA7-6725-4787-8C08-F51F1E7D0F1E}.Ad-Hoc|iPhoneSimulator.ActiveCfg = Release|Any CPU
		{5321AEA7-6725-4787-8C08-F51F1E7D0F1E}.Ad-Hoc|iPhoneSimulator.Build.0 = Release|Any CPU
		{5321AEA7-6725-4787-8C08-F51F1E7D0F1E}.Ad-Hoc|iPhoneSimulator.Deploy.0 = Release|Any CPU
		{5321AEA7-6725-4787-8C08-F51F1E7D0F1E}.AppStore|Any CPU.ActiveCfg = Release|Any CPU
		{5321AEA7-6725-4787-8C08-F51F1E7D0F1E}.AppStore|Any CPU.Build.0 = Release|Any CPU
		{5321AEA7-6725-4787-8C08-F51F1E7D0F1E}.AppStore|Any CPU.Deploy.0 = Release|Any CPU
		{5321AEA7-6725-4787-8C08-F51F1E7D0F1E}.AppStore|iPhone.ActiveCfg = Release|Any CPU
		{5321AEA7-6725-4787-8C08-F51F1E7D0F1E}.AppStore|iPhone.Build.0 = Release|Any CPU
		{5321AEA7-6725-4787-8C08-F51F1E7D0F1E}.AppStore|iPhone.Deploy.0 = Release|Any CPU
		{5321AEA7-6725-4787-8C08-F51F1E7D0F1E}.AppStore|iPhoneSimulator.ActiveCfg = Release|Any CPU
		{5321AEA7-6725-4787-8C08-F51F1E7D0F1E}.AppStore|iPhoneSimulator.Build.0 = Release|Any CPU
		{5321AEA7-6725-4787-8C08-F51F1E7D0F1E}.AppStore|iPhoneSimulator.Deploy.0 = Release|Any CPU
		{5321AEA7-6725-4787-8C08-F51F1E7D0F1E}.Debug|Any CPU.ActiveCfg = Debug|Any CPU
		{5321AEA7-6725-4787-8C08-F51F1E7D0F1E}.Debug|Any CPU.Build.0 = Debug|Any CPU
		{5321AEA7-6725-4787-8C08-F51F1E7D0F1E}.Debug|Any CPU.Deploy.0 = Debug|Any CPU
		{5321AEA7-6725-4787-8C08-F51F1E7D0F1E}.Debug|iPhone.ActiveCfg = Debug|Any CPU
		{5321AEA7-6725-4787-8C08-F51F1E7D0F1E}.Debug|iPhone.Build.0 = Debug|Any CPU
		{5321AEA7-6725-4787-8C08-F51F1E7D0F1E}.Debug|iPhone.Deploy.0 = Debug|Any CPU
		{5321AEA7-6725-4787-8C08-F51F1E7D0F1E}.Debug|iPhoneSimulator.ActiveCfg = Debug|Any CPU
		{5321AEA7-6725-4787-8C08-F51F1E7D0F1E}.Debug|iPhoneSimulator.Build.0 = Debug|Any CPU
		{5321AEA7-6725-4787-8C08-F51F1E7D0F1E}.Debug|iPhoneSimulator.Deploy.0 = Debug|Any CPU
		{5321AEA7-6725-4787-8C08-F51F1E7D0F1E}.Release|Any CPU.ActiveCfg = Release|Any CPU
		{5321AEA7-6725-4787-8C08-F51F1E7D0F1E}.Release|Any CPU.Build.0 = Release|Any CPU
		{5321AEA7-6725-4787-8C08-F51F1E7D0F1E}.Release|Any CPU.Deploy.0 = Release|Any CPU
		{5321AEA7-6725-4787-8C08-F51F1E7D0F1E}.Release|iPhone.ActiveCfg = Release|Any CPU
		{5321AEA7-6725-4787-8C08-F51F1E7D0F1E}.Release|iPhone.Build.0 = Release|Any CPU
		{5321AEA7-6725-4787-8C08-F51F1E7D0F1E}.Release|iPhone.Deploy.0 = Release|Any CPU
		{5321AEA7-6725-4787-8C08-F51F1E7D0F1E}.Release|iPhoneSimulator.ActiveCfg = Release|Any CPU
		{5321AEA7-6725-4787-8C08-F51F1E7D0F1E}.Release|iPhoneSimulator.Build.0 = Release|Any CPU
		{5321AEA7-6725-4787-8C08-F51F1E7D0F1E}.Release|iPhoneSimulator.Deploy.0 = Release|Any CPU
		{1C5D1121-DC2D-4F6D-81FD-5988742743BE}.Ad-Hoc|Any CPU.ActiveCfg = Ad-Hoc|iPhone
		{1C5D1121-DC2D-4F6D-81FD-5988742743BE}.Ad-Hoc|iPhone.ActiveCfg = Ad-Hoc|iPhone
		{1C5D1121-DC2D-4F6D-81FD-5988742743BE}.Ad-Hoc|iPhone.Build.0 = Ad-Hoc|iPhone
		{1C5D1121-DC2D-4F6D-81FD-5988742743BE}.Ad-Hoc|iPhoneSimulator.ActiveCfg = Ad-Hoc|iPhoneSimulator
		{1C5D1121-DC2D-4F6D-81FD-5988742743BE}.Ad-Hoc|iPhoneSimulator.Build.0 = Ad-Hoc|iPhoneSimulator
		{1C5D1121-DC2D-4F6D-81FD-5988742743BE}.AppStore|Any CPU.ActiveCfg = AppStore|iPhone
		{1C5D1121-DC2D-4F6D-81FD-5988742743BE}.AppStore|iPhone.ActiveCfg = AppStore|iPhone
		{1C5D1121-DC2D-4F6D-81FD-5988742743BE}.AppStore|iPhone.Build.0 = AppStore|iPhone
		{1C5D1121-DC2D-4F6D-81FD-5988742743BE}.AppStore|iPhoneSimulator.ActiveCfg = AppStore|iPhoneSimulator
		{1C5D1121-DC2D-4F6D-81FD-5988742743BE}.AppStore|iPhoneSimulator.Build.0 = AppStore|iPhoneSimulator
		{1C5D1121-DC2D-4F6D-81FD-5988742743BE}.Debug|Any CPU.ActiveCfg = Debug|iPhone
		{1C5D1121-DC2D-4F6D-81FD-5988742743BE}.Debug|iPhone.ActiveCfg = Debug|iPhone
		{1C5D1121-DC2D-4F6D-81FD-5988742743BE}.Debug|iPhone.Build.0 = Debug|iPhone
		{1C5D1121-DC2D-4F6D-81FD-5988742743BE}.Debug|iPhoneSimulator.ActiveCfg = Debug|iPhoneSimulator
		{1C5D1121-DC2D-4F6D-81FD-5988742743BE}.Debug|iPhoneSimulator.Build.0 = Debug|iPhoneSimulator
		{1C5D1121-DC2D-4F6D-81FD-5988742743BE}.Release|Any CPU.ActiveCfg = Release|iPhone
		{1C5D1121-DC2D-4F6D-81FD-5988742743BE}.Release|iPhone.ActiveCfg = Release|iPhone
		{1C5D1121-DC2D-4F6D-81FD-5988742743BE}.Release|iPhone.Build.0 = Release|iPhone
		{1C5D1121-DC2D-4F6D-81FD-5988742743BE}.Release|iPhoneSimulator.ActiveCfg = Release|iPhoneSimulator
		{1C5D1121-DC2D-4F6D-81FD-5988742743BE}.Release|iPhoneSimulator.Build.0 = Release|iPhoneSimulator
		{DB8B3AD2-7F48-41E9-B6D5-62388F3DDAFE}.Ad-Hoc|Any CPU.ActiveCfg = Release|Any CPU
		{DB8B3AD2-7F48-41E9-B6D5-62388F3DDAFE}.Ad-Hoc|Any CPU.Build.0 = Release|Any CPU
		{DB8B3AD2-7F48-41E9-B6D5-62388F3DDAFE}.Ad-Hoc|iPhone.ActiveCfg = Release|Any CPU
		{DB8B3AD2-7F48-41E9-B6D5-62388F3DDAFE}.Ad-Hoc|iPhone.Build.0 = Release|Any CPU
		{DB8B3AD2-7F48-41E9-B6D5-62388F3DDAFE}.Ad-Hoc|iPhoneSimulator.ActiveCfg = Release|Any CPU
		{DB8B3AD2-7F48-41E9-B6D5-62388F3DDAFE}.Ad-Hoc|iPhoneSimulator.Build.0 = Release|Any CPU
		{DB8B3AD2-7F48-41E9-B6D5-62388F3DDAFE}.AppStore|Any CPU.ActiveCfg = Release|Any CPU
		{DB8B3AD2-7F48-41E9-B6D5-62388F3DDAFE}.AppStore|Any CPU.Build.0 = Release|Any CPU
		{DB8B3AD2-7F48-41E9-B6D5-62388F3DDAFE}.AppStore|iPhone.ActiveCfg = Release|Any CPU
		{DB8B3AD2-7F48-41E9-B6D5-62388F3DDAFE}.AppStore|iPhone.Build.0 = Release|Any CPU
		{DB8B3AD2-7F48-41E9-B6D5-62388F3DDAFE}.AppStore|iPhoneSimulator.ActiveCfg = Release|Any CPU
		{DB8B3AD2-7F48-41E9-B6D5-62388F3DDAFE}.AppStore|iPhoneSimulator.Build.0 = Release|Any CPU
		{DB8B3AD2-7F48-41E9-B6D5-62388F3DDAFE}.Debug|Any CPU.ActiveCfg = Debug|Any CPU
		{DB8B3AD2-7F48-41E9-B6D5-62388F3DDAFE}.Debug|Any CPU.Build.0 = Debug|Any CPU
		{DB8B3AD2-7F48-41E9-B6D5-62388F3DDAFE}.Debug|iPhone.ActiveCfg = Debug|Any CPU
		{DB8B3AD2-7F48-41E9-B6D5-62388F3DDAFE}.Debug|iPhone.Build.0 = Debug|Any CPU
		{DB8B3AD2-7F48-41E9-B6D5-62388F3DDAFE}.Debug|iPhoneSimulator.ActiveCfg = Debug|Any CPU
		{DB8B3AD2-7F48-41E9-B6D5-62388F3DDAFE}.Debug|iPhoneSimulator.Build.0 = Debug|Any CPU
		{DB8B3AD2-7F48-41E9-B6D5-62388F3DDAFE}.Release|Any CPU.ActiveCfg = Release|Any CPU
		{DB8B3AD2-7F48-41E9-B6D5-62388F3DDAFE}.Release|Any CPU.Build.0 = Release|Any CPU
		{DB8B3AD2-7F48-41E9-B6D5-62388F3DDAFE}.Release|iPhone.ActiveCfg = Release|Any CPU
		{DB8B3AD2-7F48-41E9-B6D5-62388F3DDAFE}.Release|iPhone.Build.0 = Release|Any CPU
		{DB8B3AD2-7F48-41E9-B6D5-62388F3DDAFE}.Release|iPhoneSimulator.ActiveCfg = Release|Any CPU
		{DB8B3AD2-7F48-41E9-B6D5-62388F3DDAFE}.Release|iPhoneSimulator.Build.0 = Release|Any CPU
		{4F01CAB6-E7D4-4767-844F-33DBA094A135}.Ad-Hoc|Any CPU.ActiveCfg = Release|Any CPU
		{4F01CAB6-E7D4-4767-844F-33DBA094A135}.Ad-Hoc|Any CPU.Build.0 = Release|Any CPU
		{4F01CAB6-E7D4-4767-844F-33DBA094A135}.Ad-Hoc|iPhone.ActiveCfg = Release|Any CPU
		{4F01CAB6-E7D4-4767-844F-33DBA094A135}.Ad-Hoc|iPhone.Build.0 = Release|Any CPU
		{4F01CAB6-E7D4-4767-844F-33DBA094A135}.Ad-Hoc|iPhoneSimulator.ActiveCfg = Release|Any CPU
		{4F01CAB6-E7D4-4767-844F-33DBA094A135}.Ad-Hoc|iPhoneSimulator.Build.0 = Release|Any CPU
		{4F01CAB6-E7D4-4767-844F-33DBA094A135}.AppStore|Any CPU.ActiveCfg = Release|Any CPU
		{4F01CAB6-E7D4-4767-844F-33DBA094A135}.AppStore|Any CPU.Build.0 = Release|Any CPU
		{4F01CAB6-E7D4-4767-844F-33DBA094A135}.AppStore|iPhone.ActiveCfg = Release|Any CPU
		{4F01CAB6-E7D4-4767-844F-33DBA094A135}.AppStore|iPhone.Build.0 = Release|Any CPU
		{4F01CAB6-E7D4-4767-844F-33DBA094A135}.AppStore|iPhoneSimulator.ActiveCfg = Release|Any CPU
		{4F01CAB6-E7D4-4767-844F-33DBA094A135}.AppStore|iPhoneSimulator.Build.0 = Release|Any CPU
		{4F01CAB6-E7D4-4767-844F-33DBA094A135}.Debug|Any CPU.ActiveCfg = Debug|Any CPU
		{4F01CAB6-E7D4-4767-844F-33DBA094A135}.Debug|Any CPU.Build.0 = Debug|Any CPU
		{4F01CAB6-E7D4-4767-844F-33DBA094A135}.Debug|iPhone.ActiveCfg = Debug|Any CPU
		{4F01CAB6-E7D4-4767-844F-33DBA094A135}.Debug|iPhone.Build.0 = Debug|Any CPU
		{4F01CAB6-E7D4-4767-844F-33DBA094A135}.Debug|iPhoneSimulator.ActiveCfg = Debug|Any CPU
		{4F01CAB6-E7D4-4767-844F-33DBA094A135}.Debug|iPhoneSimulator.Build.0 = Debug|Any CPU
		{4F01CAB6-E7D4-4767-844F-33DBA094A135}.Release|Any CPU.ActiveCfg = Release|Any CPU
		{4F01CAB6-E7D4-4767-844F-33DBA094A135}.Release|Any CPU.Build.0 = Release|Any CPU
		{4F01CAB6-E7D4-4767-844F-33DBA094A135}.Release|iPhone.ActiveCfg = Release|Any CPU
		{4F01CAB6-E7D4-4767-844F-33DBA094A135}.Release|iPhone.Build.0 = Release|Any CPU
		{4F01CAB6-E7D4-4767-844F-33DBA094A135}.Release|iPhoneSimulator.ActiveCfg = Release|Any CPU
		{4F01CAB6-E7D4-4767-844F-33DBA094A135}.Release|iPhoneSimulator.Build.0 = Release|Any CPU
	EndGlobalSection
	GlobalSection(SolutionProperties) = preSolution
		HideSolutionNode = FALSE
	EndGlobalSection
	GlobalSection(NestedProjects) = preSolution
		{81342396-7FC4-4DD1-A1D9-8CC76E317485} = {E035FAD7-54AD-4673-8F36-AFD9C1269787}
		{B26AF9F3-4708-4C70-8ADF-20266CA5629E} = {1A0BC3BE-1D5F-4886-BA24-547189BE9E96}
		{93944935-D98B-4B38-9CDA-6CFC37B1CE39} = {1A0BC3BE-1D5F-4886-BA24-547189BE9E96}
		{DF56316D-8D35-4F7D-AA31-2BADFB5457E1} = {E035FAD7-54AD-4673-8F36-AFD9C1269787}
		{23968FF3-2597-46DF-9D81-ED939D3967B5} = {93944935-D98B-4B38-9CDA-6CFC37B1CE39}
		{A066574E-2091-4039-9013-53536EE300D4} = {93944935-D98B-4B38-9CDA-6CFC37B1CE39}
		{75E0DE55-BA5E-43A1-A4F9-FA445D83068E} = {93944935-D98B-4B38-9CDA-6CFC37B1CE39}
		{5321AEA7-6725-4787-8C08-F51F1E7D0F1E} = {B26AF9F3-4708-4C70-8ADF-20266CA5629E}
		{1C5D1121-DC2D-4F6D-81FD-5988742743BE} = {B26AF9F3-4708-4C70-8ADF-20266CA5629E}
		{DB8B3AD2-7F48-41E9-B6D5-62388F3DDAFE} = {B26AF9F3-4708-4C70-8ADF-20266CA5629E}
		{4F01CAB6-E7D4-4767-844F-33DBA094A135} = {E035FAD7-54AD-4673-8F36-AFD9C1269787}
	EndGlobalSection
EndGlobal
