
Microsoft Visual Studio Solution File, Format Version 12.00
# Visual Studio 14
VisualStudioVersion = 14.0.24720.0
MinimumVisualStudioVersion = 10.0.40219.1
Project("{2150E333-8FDC-42A3-9474-1A3956D46DE8}") = "Server", "Server", "{E035FAD7-54AD-4673-8F36-AFD9C1269787}"
EndProject
Project("{2150E333-8FDC-42A3-9474-1A3956D46DE8}") = "Client", "Client", "{1A0BC3BE-1D5F-4886-BA24-547189BE9E96}"
EndProject
Project("{FAE04EC0-301F-11D3-BF4B-00C04F79EFBC}") = "Perceptyx.API", "Server\Perceptyx.API\Perceptyx.API.csproj", "{5D99644D-69C7-49C2-8208-BF79B7273614}"
EndProject
Project("{FAE04EC0-301F-11D3-BF4B-00C04F79EFBC}") = "Perceptyx.Core", "Server\Perceptyx.Core\Perceptyx.Core.csproj", "{81342396-7FC4-4DD1-A1D9-8CC76E317485}"
EndProject
Project("{2150E333-8FDC-42A3-9474-1A3956D46DE8}") = "Admin", "Admin", "{B26AF9F3-4708-4C70-8ADF-20266CA5629E}"
EndProject
Project("{2150E333-8FDC-42A3-9474-1A3956D46DE8}") = "Public", "Public", "{93944935-D98B-4B38-9CDA-6CFC37B1CE39}"
EndProject
Project("{FAE04EC0-301F-11D3-BF4B-00C04F79EFBC}") = "Perceptyx.Admin.Droid", "Client\Admin\Perceptyx.Admin\Perceptyx.Admin.Droid\Perceptyx.Admin.Droid.csproj", "{ABCC8BC5-8F76-47B1-AE85-A8A19C57BE26}"
EndProject
Project("{FAE04EC0-301F-11D3-BF4B-00C04F79EFBC}") = "Perceptyx.Admin.iOS", "Client\Admin\Perceptyx.Admin\Perceptyx.Admin.iOS\Perceptyx.Admin.iOS.csproj", "{F44F6774-DFEB-4D05-8A69-9EED15D39A6E}"
EndProject
Project("{FAE04EC0-301F-11D3-BF4B-00C04F79EFBC}") = "Perceptyx.Admin", "Client\Admin\Perceptyx.Admin\Perceptyx.Admin\Perceptyx.Admin.csproj", "{D926E61B-EED8-42C5-8D31-B000C0DC2D1D}"
EndProject
Project("{FAE04EC0-301F-11D3-BF4B-00C04F79EFBC}") = "Perceptyx.Public.Droid", "Client\Public\Perceptyx.Public\Perceptyx.Public.Droid\Perceptyx.Public.Droid.csproj", "{275FD6BE-28D8-453C-9708-B94AFF5F6527}"
EndProject
Project("{FAE04EC0-301F-11D3-BF4B-00C04F79EFBC}") = "Perceptyx.Public.iOS", "Client\Public\Perceptyx.Public\Perceptyx.Public.iOS\Perceptyx.Public.iOS.csproj", "{6E8A6A89-CFBA-40A4-8E2A-F116C5BF49D7}"
EndProject
Project("{FAE04EC0-301F-11D3-BF4B-00C04F79EFBC}") = "Perceptyx.Public", "Client\Public\Perceptyx.Public\Perceptyx.Public\Perceptyx.Public.csproj", "{570BACE9-D956-4E0C-9230-2C2C1B8C206E}"
EndProject
Global
	GlobalSection(SolutionConfigurationPlatforms) = preSolution
		Ad-Hoc|Any CPU = Ad-Hoc|Any CPU
		Ad-Hoc|iPhone = Ad-Hoc|iPhone
		Ad-Hoc|iPhoneSimulator = Ad-Hoc|iPhoneSimulator
		AppStore|Any CPU = AppStore|Any CPU
		AppStore|iPhone = AppStore|iPhone
		AppStore|iPhoneSimulator = AppStore|iPhoneSimulator
		Debug|Any CPU = Debug|Any CPU
		Debug|iPhone = Debug|iPhone
		Debug|iPhoneSimulator = Debug|iPhoneSimulator
		Release|Any CPU = Release|Any CPU
		Release|iPhone = Release|iPhone
		Release|iPhoneSimulator = Release|iPhoneSimulator
	EndGlobalSection
	GlobalSection(ProjectConfigurationPlatforms) = postSolution
		{5D99644D-69C7-49C2-8208-BF79B7273614}.Ad-Hoc|Any CPU.ActiveCfg = Release|Any CPU
		{5D99644D-69C7-49C2-8208-BF79B7273614}.Ad-Hoc|Any CPU.Build.0 = Release|Any CPU
		{5D99644D-69C7-49C2-8208-BF79B7273614}.Ad-Hoc|iPhone.ActiveCfg = Release|Any CPU
		{5D99644D-69C7-49C2-8208-BF79B7273614}.Ad-Hoc|iPhone.Build.0 = Release|Any CPU
		{5D99644D-69C7-49C2-8208-BF79B7273614}.Ad-Hoc|iPhoneSimulator.ActiveCfg = Release|Any CPU
		{5D99644D-69C7-49C2-8208-BF79B7273614}.Ad-Hoc|iPhoneSimulator.Build.0 = Release|Any CPU
		{5D99644D-69C7-49C2-8208-BF79B7273614}.AppStore|Any CPU.ActiveCfg = Release|Any CPU
		{5D99644D-69C7-49C2-8208-BF79B7273614}.AppStore|Any CPU.Build.0 = Release|Any CPU
		{5D99644D-69C7-49C2-8208-BF79B7273614}.AppStore|iPhone.ActiveCfg = Release|Any CPU
		{5D99644D-69C7-49C2-8208-BF79B7273614}.AppStore|iPhone.Build.0 = Release|Any CPU
		{5D99644D-69C7-49C2-8208-BF79B7273614}.AppStore|iPhoneSimulator.ActiveCfg = Release|Any CPU
		{5D99644D-69C7-49C2-8208-BF79B7273614}.AppStore|iPhoneSimulator.Build.0 = Release|Any CPU
		{5D99644D-69C7-49C2-8208-BF79B7273614}.Debug|Any CPU.ActiveCfg = Debug|Any CPU
		{5D99644D-69C7-49C2-8208-BF79B7273614}.Debug|Any CPU.Build.0 = Debug|Any CPU
		{5D99644D-69C7-49C2-8208-BF79B7273614}.Debug|iPhone.ActiveCfg = Debug|Any CPU
		{5D99644D-69C7-49C2-8208-BF79B7273614}.Debug|iPhone.Build.0 = Debug|Any CPU
		{5D99644D-69C7-49C2-8208-BF79B7273614}.Debug|iPhoneSimulator.ActiveCfg = Debug|Any CPU
		{5D99644D-69C7-49C2-8208-BF79B7273614}.Debug|iPhoneSimulator.Build.0 = Debug|Any CPU
		{5D99644D-69C7-49C2-8208-BF79B7273614}.Release|Any CPU.ActiveCfg = Release|Any CPU
		{5D99644D-69C7-49C2-8208-BF79B7273614}.Release|Any CPU.Build.0 = Release|Any CPU
		{5D99644D-69C7-49C2-8208-BF79B7273614}.Release|iPhone.ActiveCfg = Release|Any CPU
		{5D99644D-69C7-49C2-8208-BF79B7273614}.Release|iPhone.Build.0 = Release|Any CPU
		{5D99644D-69C7-49C2-8208-BF79B7273614}.Release|iPhoneSimulator.ActiveCfg = Release|Any CPU
		{5D99644D-69C7-49C2-8208-BF79B7273614}.Release|iPhoneSimulator.Build.0 = Release|Any CPU
		{81342396-7FC4-4DD1-A1D9-8CC76E317485}.Ad-Hoc|Any CPU.ActiveCfg = Release|Any CPU
		{81342396-7FC4-4DD1-A1D9-8CC76E317485}.Ad-Hoc|Any CPU.Build.0 = Release|Any CPU
		{81342396-7FC4-4DD1-A1D9-8CC76E317485}.Ad-Hoc|iPhone.ActiveCfg = Release|Any CPU
		{81342396-7FC4-4DD1-A1D9-8CC76E317485}.Ad-Hoc|iPhone.Build.0 = Release|Any CPU
		{81342396-7FC4-4DD1-A1D9-8CC76E317485}.Ad-Hoc|iPhoneSimulator.ActiveCfg = Release|Any CPU
		{81342396-7FC4-4DD1-A1D9-8CC76E317485}.Ad-Hoc|iPhoneSimulator.Build.0 = Release|Any CPU
		{81342396-7FC4-4DD1-A1D9-8CC76E317485}.AppStore|Any CPU.ActiveCfg = Release|Any CPU
		{81342396-7FC4-4DD1-A1D9-8CC76E317485}.AppStore|Any CPU.Build.0 = Release|Any CPU
		{81342396-7FC4-4DD1-A1D9-8CC76E317485}.AppStore|iPhone.ActiveCfg = Release|Any CPU
		{81342396-7FC4-4DD1-A1D9-8CC76E317485}.AppStore|iPhone.Build.0 = Release|Any CPU
		{81342396-7FC4-4DD1-A1D9-8CC76E317485}.AppStore|iPhoneSimulator.ActiveCfg = Release|Any CPU
		{81342396-7FC4-4DD1-A1D9-8CC76E317485}.AppStore|iPhoneSimulator.Build.0 = Release|Any CPU
		{81342396-7FC4-4DD1-A1D9-8CC76E317485}.Debug|Any CPU.ActiveCfg = Debug|Any CPU
		{81342396-7FC4-4DD1-A1D9-8CC76E317485}.Debug|Any CPU.Build.0 = Debug|Any CPU
		{81342396-7FC4-4DD1-A1D9-8CC76E317485}.Debug|iPhone.ActiveCfg = Debug|Any CPU
		{81342396-7FC4-4DD1-A1D9-8CC76E317485}.Debug|iPhone.Build.0 = Debug|Any CPU
		{81342396-7FC4-4DD1-A1D9-8CC76E317485}.Debug|iPhoneSimulator.ActiveCfg = Debug|Any CPU
		{81342396-7FC4-4DD1-A1D9-8CC76E317485}.Debug|iPhoneSimulator.Build.0 = Debug|Any CPU
		{81342396-7FC4-4DD1-A1D9-8CC76E317485}.Release|Any CPU.ActiveCfg = Release|Any CPU
		{81342396-7FC4-4DD1-A1D9-8CC76E317485}.Release|Any CPU.Build.0 = Release|Any CPU
		{81342396-7FC4-4DD1-A1D9-8CC76E317485}.Release|iPhone.ActiveCfg = Release|Any CPU
		{81342396-7FC4-4DD1-A1D9-8CC76E317485}.Release|iPhone.Build.0 = Release|Any CPU
		{81342396-7FC4-4DD1-A1D9-8CC76E317485}.Release|iPhoneSimulator.ActiveCfg = Release|Any CPU
		{81342396-7FC4-4DD1-A1D9-8CC76E317485}.Release|iPhoneSimulator.Build.0 = Release|Any CPU
		{ABCC8BC5-8F76-47B1-AE85-A8A19C57BE26}.Ad-Hoc|Any CPU.ActiveCfg = Release|Any CPU
		{ABCC8BC5-8F76-47B1-AE85-A8A19C57BE26}.Ad-Hoc|Any CPU.Build.0 = Release|Any CPU
		{ABCC8BC5-8F76-47B1-AE85-A8A19C57BE26}.Ad-Hoc|Any CPU.Deploy.0 = Release|Any CPU
		{ABCC8BC5-8F76-47B1-AE85-A8A19C57BE26}.Ad-Hoc|iPhone.ActiveCfg = Release|Any CPU
		{ABCC8BC5-8F76-47B1-AE85-A8A19C57BE26}.Ad-Hoc|iPhone.Build.0 = Release|Any CPU
		{ABCC8BC5-8F76-47B1-AE85-A8A19C57BE26}.Ad-Hoc|iPhone.Deploy.0 = Release|Any CPU
		{ABCC8BC5-8F76-47B1-AE85-A8A19C57BE26}.Ad-Hoc|iPhoneSimulator.ActiveCfg = Release|Any CPU
		{ABCC8BC5-8F76-47B1-AE85-A8A19C57BE26}.Ad-Hoc|iPhoneSimulator.Build.0 = Release|Any CPU
		{ABCC8BC5-8F76-47B1-AE85-A8A19C57BE26}.Ad-Hoc|iPhoneSimulator.Deploy.0 = Release|Any CPU
		{ABCC8BC5-8F76-47B1-AE85-A8A19C57BE26}.AppStore|Any CPU.ActiveCfg = Release|Any CPU
		{ABCC8BC5-8F76-47B1-AE85-A8A19C57BE26}.AppStore|Any CPU.Build.0 = Release|Any CPU
		{ABCC8BC5-8F76-47B1-AE85-A8A19C57BE26}.AppStore|Any CPU.Deploy.0 = Release|Any CPU
		{ABCC8BC5-8F76-47B1-AE85-A8A19C57BE26}.AppStore|iPhone.ActiveCfg = Release|Any CPU
		{ABCC8BC5-8F76-47B1-AE85-A8A19C57BE26}.AppStore|iPhone.Build.0 = Release|Any CPU
		{ABCC8BC5-8F76-47B1-AE85-A8A19C57BE26}.AppStore|iPhone.Deploy.0 = Release|Any CPU
		{ABCC8BC5-8F76-47B1-AE85-A8A19C57BE26}.AppStore|iPhoneSimulator.ActiveCfg = Release|Any CPU
		{ABCC8BC5-8F76-47B1-AE85-A8A19C57BE26}.AppStore|iPhoneSimulator.Build.0 = Release|Any CPU
		{ABCC8BC5-8F76-47B1-AE85-A8A19C57BE26}.AppStore|iPhoneSimulator.Deploy.0 = Release|Any CPU
		{ABCC8BC5-8F76-47B1-AE85-A8A19C57BE26}.Debug|Any CPU.ActiveCfg = Debug|Any CPU
		{ABCC8BC5-8F76-47B1-AE85-A8A19C57BE26}.Debug|Any CPU.Build.0 = Debug|Any CPU
		{ABCC8BC5-8F76-47B1-AE85-A8A19C57BE26}.Debug|Any CPU.Deploy.0 = Debug|Any CPU
		{ABCC8BC5-8F76-47B1-AE85-A8A19C57BE26}.Debug|iPhone.ActiveCfg = Debug|Any CPU
		{ABCC8BC5-8F76-47B1-AE85-A8A19C57BE26}.Debug|iPhone.Build.0 = Debug|Any CPU
		{ABCC8BC5-8F76-47B1-AE85-A8A19C57BE26}.Debug|iPhone.Deploy.0 = Debug|Any CPU
		{ABCC8BC5-8F76-47B1-AE85-A8A19C57BE26}.Debug|iPhoneSimulator.ActiveCfg = Debug|Any CPU
		{ABCC8BC5-8F76-47B1-AE85-A8A19C57BE26}.Debug|iPhoneSimulator.Build.0 = Debug|Any CPU
		{ABCC8BC5-8F76-47B1-AE85-A8A19C57BE26}.Debug|iPhoneSimulator.Deploy.0 = Debug|Any CPU
		{ABCC8BC5-8F76-47B1-AE85-A8A19C57BE26}.Release|Any CPU.ActiveCfg = Release|Any CPU
		{ABCC8BC5-8F76-47B1-AE85-A8A19C57BE26}.Release|Any CPU.Build.0 = Release|Any CPU
		{ABCC8BC5-8F76-47B1-AE85-A8A19C57BE26}.Release|Any CPU.Deploy.0 = Release|Any CPU
		{ABCC8BC5-8F76-47B1-AE85-A8A19C57BE26}.Release|iPhone.ActiveCfg = Release|Any CPU
		{ABCC8BC5-8F76-47B1-AE85-A8A19C57BE26}.Release|iPhone.Build.0 = Release|Any CPU
		{ABCC8BC5-8F76-47B1-AE85-A8A19C57BE26}.Release|iPhone.Deploy.0 = Release|Any CPU
		{ABCC8BC5-8F76-47B1-AE85-A8A19C57BE26}.Release|iPhoneSimulator.ActiveCfg = Release|Any CPU
		{ABCC8BC5-8F76-47B1-AE85-A8A19C57BE26}.Release|iPhoneSimulator.Build.0 = Release|Any CPU
		{ABCC8BC5-8F76-47B1-AE85-A8A19C57BE26}.Release|iPhoneSimulator.Deploy.0 = Release|Any CPU
		{F44F6774-DFEB-4D05-8A69-9EED15D39A6E}.Ad-Hoc|Any CPU.ActiveCfg = Ad-Hoc|iPhone
		{F44F6774-DFEB-4D05-8A69-9EED15D39A6E}.Ad-Hoc|iPhone.ActiveCfg = Ad-Hoc|iPhone
		{F44F6774-DFEB-4D05-8A69-9EED15D39A6E}.Ad-Hoc|iPhone.Build.0 = Ad-Hoc|iPhone
		{F44F6774-DFEB-4D05-8A69-9EED15D39A6E}.Ad-Hoc|iPhoneSimulator.ActiveCfg = Ad-Hoc|iPhoneSimulator
		{F44F6774-DFEB-4D05-8A69-9EED15D39A6E}.Ad-Hoc|iPhoneSimulator.Build.0 = Ad-Hoc|iPhoneSimulator
		{F44F6774-DFEB-4D05-8A69-9EED15D39A6E}.AppStore|Any CPU.ActiveCfg = AppStore|iPhone
		{F44F6774-DFEB-4D05-8A69-9EED15D39A6E}.AppStore|iPhone.ActiveCfg = AppStore|iPhone
		{F44F6774-DFEB-4D05-8A69-9EED15D39A6E}.AppStore|iPhone.Build.0 = AppStore|iPhone
		{F44F6774-DFEB-4D05-8A69-9EED15D39A6E}.AppStore|iPhoneSimulator.ActiveCfg = AppStore|iPhoneSimulator
		{F44F6774-DFEB-4D05-8A69-9EED15D39A6E}.AppStore|iPhoneSimulator.Build.0 = AppStore|iPhoneSimulator
		{F44F6774-DFEB-4D05-8A69-9EED15D39A6E}.Debug|Any CPU.ActiveCfg = Debug|iPhone
		{F44F6774-DFEB-4D05-8A69-9EED15D39A6E}.Debug|iPhone.ActiveCfg = Debug|iPhone
		{F44F6774-DFEB-4D05-8A69-9EED15D39A6E}.Debug|iPhone.Build.0 = Debug|iPhone
		{F44F6774-DFEB-4D05-8A69-9EED15D39A6E}.Debug|iPhoneSimulator.ActiveCfg = Debug|iPhoneSimulator
		{F44F6774-DFEB-4D05-8A69-9EED15D39A6E}.Debug|iPhoneSimulator.Build.0 = Debug|iPhoneSimulator
		{F44F6774-DFEB-4D05-8A69-9EED15D39A6E}.Release|Any CPU.ActiveCfg = Release|iPhone
		{F44F6774-DFEB-4D05-8A69-9EED15D39A6E}.Release|iPhone.ActiveCfg = Release|iPhone
		{F44F6774-DFEB-4D05-8A69-9EED15D39A6E}.Release|iPhone.Build.0 = Release|iPhone
		{F44F6774-DFEB-4D05-8A69-9EED15D39A6E}.Release|iPhoneSimulator.ActiveCfg = Release|iPhoneSimulator
		{F44F6774-DFEB-4D05-8A69-9EED15D39A6E}.Release|iPhoneSimulator.Build.0 = Release|iPhoneSimulator
		{D926E61B-EED8-42C5-8D31-B000C0DC2D1D}.Ad-Hoc|Any CPU.ActiveCfg = Release|Any CPU
		{D926E61B-EED8-42C5-8D31-B000C0DC2D1D}.Ad-Hoc|Any CPU.Build.0 = Release|Any CPU
		{D926E61B-EED8-42C5-8D31-B000C0DC2D1D}.Ad-Hoc|iPhone.ActiveCfg = Release|Any CPU
		{D926E61B-EED8-42C5-8D31-B000C0DC2D1D}.Ad-Hoc|iPhone.Build.0 = Release|Any CPU
		{D926E61B-EED8-42C5-8D31-B000C0DC2D1D}.Ad-Hoc|iPhoneSimulator.ActiveCfg = Release|Any CPU
		{D926E61B-EED8-42C5-8D31-B000C0DC2D1D}.Ad-Hoc|iPhoneSimulator.Build.0 = Release|Any CPU
		{D926E61B-EED8-42C5-8D31-B000C0DC2D1D}.AppStore|Any CPU.ActiveCfg = Release|Any CPU
		{D926E61B-EED8-42C5-8D31-B000C0DC2D1D}.AppStore|Any CPU.Build.0 = Release|Any CPU
		{D926E61B-EED8-42C5-8D31-B000C0DC2D1D}.AppStore|iPhone.ActiveCfg = Release|Any CPU
		{D926E61B-EED8-42C5-8D31-B000C0DC2D1D}.AppStore|iPhone.Build.0 = Release|Any CPU
		{D926E61B-EED8-42C5-8D31-B000C0DC2D1D}.AppStore|iPhoneSimulator.ActiveCfg = Release|Any CPU
		{D926E61B-EED8-42C5-8D31-B000C0DC2D1D}.AppStore|iPhoneSimulator.Build.0 = Release|Any CPU
		{D926E61B-EED8-42C5-8D31-B000C0DC2D1D}.Debug|Any CPU.ActiveCfg = Debug|Any CPU
		{D926E61B-EED8-42C5-8D31-B000C0DC2D1D}.Debug|Any CPU.Build.0 = Debug|Any CPU
		{D926E61B-EED8-42C5-8D31-B000C0DC2D1D}.Debug|iPhone.ActiveCfg = Debug|Any CPU
		{D926E61B-EED8-42C5-8D31-B000C0DC2D1D}.Debug|iPhone.Build.0 = Debug|Any CPU
		{D926E61B-EED8-42C5-8D31-B000C0DC2D1D}.Debug|iPhoneSimulator.ActiveCfg = Debug|Any CPU
		{D926E61B-EED8-42C5-8D31-B000C0DC2D1D}.Debug|iPhoneSimulator.Build.0 = Debug|Any CPU
		{D926E61B-EED8-42C5-8D31-B000C0DC2D1D}.Release|Any CPU.ActiveCfg = Release|Any CPU
		{D926E61B-EED8-42C5-8D31-B000C0DC2D1D}.Release|Any CPU.Build.0 = Release|Any CPU
		{D926E61B-EED8-42C5-8D31-B000C0DC2D1D}.Release|iPhone.ActiveCfg = Release|Any CPU
		{D926E61B-EED8-42C5-8D31-B000C0DC2D1D}.Release|iPhone.Build.0 = Release|Any CPU
		{D926E61B-EED8-42C5-8D31-B000C0DC2D1D}.Release|iPhoneSimulator.ActiveCfg = Release|Any CPU
		{D926E61B-EED8-42C5-8D31-B000C0DC2D1D}.Release|iPhoneSimulator.Build.0 = Release|Any CPU
		{275FD6BE-28D8-453C-9708-B94AFF5F6527}.Ad-Hoc|Any CPU.ActiveCfg = Release|Any CPU
		{275FD6BE-28D8-453C-9708-B94AFF5F6527}.Ad-Hoc|Any CPU.Build.0 = Release|Any CPU
		{275FD6BE-28D8-453C-9708-B94AFF5F6527}.Ad-Hoc|Any CPU.Deploy.0 = Release|Any CPU
		{275FD6BE-28D8-453C-9708-B94AFF5F6527}.Ad-Hoc|iPhone.ActiveCfg = Release|Any CPU
		{275FD6BE-28D8-453C-9708-B94AFF5F6527}.Ad-Hoc|iPhone.Build.0 = Release|Any CPU
		{275FD6BE-28D8-453C-9708-B94AFF5F6527}.Ad-Hoc|iPhone.Deploy.0 = Release|Any CPU
		{275FD6BE-28D8-453C-9708-B94AFF5F6527}.Ad-Hoc|iPhoneSimulator.ActiveCfg = Release|Any CPU
		{275FD6BE-28D8-453C-9708-B94AFF5F6527}.Ad-Hoc|iPhoneSimulator.Build.0 = Release|Any CPU
		{275FD6BE-28D8-453C-9708-B94AFF5F6527}.Ad-Hoc|iPhoneSimulator.Deploy.0 = Release|Any CPU
		{275FD6BE-28D8-453C-9708-B94AFF5F6527}.AppStore|Any CPU.ActiveCfg = Release|Any CPU
		{275FD6BE-28D8-453C-9708-B94AFF5F6527}.AppStore|Any CPU.Build.0 = Release|Any CPU
		{275FD6BE-28D8-453C-9708-B94AFF5F6527}.AppStore|Any CPU.Deploy.0 = Release|Any CPU
		{275FD6BE-28D8-453C-9708-B94AFF5F6527}.AppStore|iPhone.ActiveCfg = Release|Any CPU
		{275FD6BE-28D8-453C-9708-B94AFF5F6527}.AppStore|iPhone.Build.0 = Release|Any CPU
		{275FD6BE-28D8-453C-9708-B94AFF5F6527}.AppStore|iPhone.Deploy.0 = Release|Any CPU
		{275FD6BE-28D8-453C-9708-B94AFF5F6527}.AppStore|iPhoneSimulator.ActiveCfg = Release|Any CPU
		{275FD6BE-28D8-453C-9708-B94AFF5F6527}.AppStore|iPhoneSimulator.Build.0 = Release|Any CPU
		{275FD6BE-28D8-453C-9708-B94AFF5F6527}.AppStore|iPhoneSimulator.Deploy.0 = Release|Any CPU
		{275FD6BE-28D8-453C-9708-B94AFF5F6527}.Debug|Any CPU.ActiveCfg = Debug|Any CPU
		{275FD6BE-28D8-453C-9708-B94AFF5F6527}.Debug|Any CPU.Build.0 = Debug|Any CPU
		{275FD6BE-28D8-453C-9708-B94AFF5F6527}.Debug|Any CPU.Deploy.0 = Debug|Any CPU
		{275FD6BE-28D8-453C-9708-B94AFF5F6527}.Debug|iPhone.ActiveCfg = Debug|Any CPU
		{275FD6BE-28D8-453C-9708-B94AFF5F6527}.Debug|iPhone.Build.0 = Debug|Any CPU
		{275FD6BE-28D8-453C-9708-B94AFF5F6527}.Debug|iPhone.Deploy.0 = Debug|Any CPU
		{275FD6BE-28D8-453C-9708-B94AFF5F6527}.Debug|iPhoneSimulator.ActiveCfg = Debug|Any CPU
		{275FD6BE-28D8-453C-9708-B94AFF5F6527}.Debug|iPhoneSimulator.Build.0 = Debug|Any CPU
		{275FD6BE-28D8-453C-9708-B94AFF5F6527}.Debug|iPhoneSimulator.Deploy.0 = Debug|Any CPU
		{275FD6BE-28D8-453C-9708-B94AFF5F6527}.Release|Any CPU.ActiveCfg = Release|Any CPU
		{275FD6BE-28D8-453C-9708-B94AFF5F6527}.Release|Any CPU.Build.0 = Release|Any CPU
		{275FD6BE-28D8-453C-9708-B94AFF5F6527}.Release|Any CPU.Deploy.0 = Release|Any CPU
		{275FD6BE-28D8-453C-9708-B94AFF5F6527}.Release|iPhone.ActiveCfg = Release|Any CPU
		{275FD6BE-28D8-453C-9708-B94AFF5F6527}.Release|iPhone.Build.0 = Release|Any CPU
		{275FD6BE-28D8-453C-9708-B94AFF5F6527}.Release|iPhone.Deploy.0 = Release|Any CPU
		{275FD6BE-28D8-453C-9708-B94AFF5F6527}.Release|iPhoneSimulator.ActiveCfg = Release|Any CPU
		{275FD6BE-28D8-453C-9708-B94AFF5F6527}.Release|iPhoneSimulator.Build.0 = Release|Any CPU
		{275FD6BE-28D8-453C-9708-B94AFF5F6527}.Release|iPhoneSimulator.Deploy.0 = Release|Any CPU
		{6E8A6A89-CFBA-40A4-8E2A-F116C5BF49D7}.Ad-Hoc|Any CPU.ActiveCfg = Ad-Hoc|iPhone
		{6E8A6A89-CFBA-40A4-8E2A-F116C5BF49D7}.Ad-Hoc|iPhone.ActiveCfg = Ad-Hoc|iPhone
		{6E8A6A89-CFBA-40A4-8E2A-F116C5BF49D7}.Ad-Hoc|iPhone.Build.0 = Ad-Hoc|iPhone
		{6E8A6A89-CFBA-40A4-8E2A-F116C5BF49D7}.Ad-Hoc|iPhoneSimulator.ActiveCfg = Ad-Hoc|iPhoneSimulator
		{6E8A6A89-CFBA-40A4-8E2A-F116C5BF49D7}.Ad-Hoc|iPhoneSimulator.Build.0 = Ad-Hoc|iPhoneSimulator
		{6E8A6A89-CFBA-40A4-8E2A-F116C5BF49D7}.AppStore|Any CPU.ActiveCfg = AppStore|iPhone
		{6E8A6A89-CFBA-40A4-8E2A-F116C5BF49D7}.AppStore|iPhone.ActiveCfg = AppStore|iPhone
		{6E8A6A89-CFBA-40A4-8E2A-F116C5BF49D7}.AppStore|iPhone.Build.0 = AppStore|iPhone
		{6E8A6A89-CFBA-40A4-8E2A-F116C5BF49D7}.AppStore|iPhoneSimulator.ActiveCfg = AppStore|iPhoneSimulator
		{6E8A6A89-CFBA-40A4-8E2A-F116C5BF49D7}.AppStore|iPhoneSimulator.Build.0 = AppStore|iPhoneSimulator
		{6E8A6A89-CFBA-40A4-8E2A-F116C5BF49D7}.Debug|Any CPU.ActiveCfg = Debug|iPhone
		{6E8A6A89-CFBA-40A4-8E2A-F116C5BF49D7}.Debug|iPhone.ActiveCfg = Debug|iPhone
		{6E8A6A89-CFBA-40A4-8E2A-F116C5BF49D7}.Debug|iPhone.Build.0 = Debug|iPhone
		{6E8A6A89-CFBA-40A4-8E2A-F116C5BF49D7}.Debug|iPhoneSimulator.ActiveCfg = Debug|iPhoneSimulator
		{6E8A6A89-CFBA-40A4-8E2A-F116C5BF49D7}.Debug|iPhoneSimulator.Build.0 = Debug|iPhoneSimulator
		{6E8A6A89-CFBA-40A4-8E2A-F116C5BF49D7}.Release|Any CPU.ActiveCfg = Release|iPhone
		{6E8A6A89-CFBA-40A4-8E2A-F116C5BF49D7}.Release|iPhone.ActiveCfg = Release|iPhone
		{6E8A6A89-CFBA-40A4-8E2A-F116C5BF49D7}.Release|iPhone.Build.0 = Release|iPhone
		{6E8A6A89-CFBA-40A4-8E2A-F116C5BF49D7}.Release|iPhoneSimulator.ActiveCfg = Release|iPhoneSimulator
		{6E8A6A89-CFBA-40A4-8E2A-F116C5BF49D7}.Release|iPhoneSimulator.Build.0 = Release|iPhoneSimulator
		{570BACE9-D956-4E0C-9230-2C2C1B8C206E}.Ad-Hoc|Any CPU.ActiveCfg = Release|Any CPU
		{570BACE9-D956-4E0C-9230-2C2C1B8C206E}.Ad-Hoc|Any CPU.Build.0 = Release|Any CPU
		{570BACE9-D956-4E0C-9230-2C2C1B8C206E}.Ad-Hoc|iPhone.ActiveCfg = Release|Any CPU
		{570BACE9-D956-4E0C-9230-2C2C1B8C206E}.Ad-Hoc|iPhone.Build.0 = Release|Any CPU
		{570BACE9-D956-4E0C-9230-2C2C1B8C206E}.Ad-Hoc|iPhoneSimulator.ActiveCfg = Release|Any CPU
		{570BACE9-D956-4E0C-9230-2C2C1B8C206E}.Ad-Hoc|iPhoneSimulator.Build.0 = Release|Any CPU
		{570BACE9-D956-4E0C-9230-2C2C1B8C206E}.AppStore|Any CPU.ActiveCfg = Release|Any CPU
		{570BACE9-D956-4E0C-9230-2C2C1B8C206E}.AppStore|Any CPU.Build.0 = Release|Any CPU
		{570BACE9-D956-4E0C-9230-2C2C1B8C206E}.AppStore|iPhone.ActiveCfg = Release|Any CPU
		{570BACE9-D956-4E0C-9230-2C2C1B8C206E}.AppStore|iPhone.Build.0 = Release|Any CPU
		{570BACE9-D956-4E0C-9230-2C2C1B8C206E}.AppStore|iPhoneSimulator.ActiveCfg = Release|Any CPU
		{570BACE9-D956-4E0C-9230-2C2C1B8C206E}.AppStore|iPhoneSimulator.Build.0 = Release|Any CPU
		{570BACE9-D956-4E0C-9230-2C2C1B8C206E}.Debug|Any CPU.ActiveCfg = Debug|Any CPU
		{570BACE9-D956-4E0C-9230-2C2C1B8C206E}.Debug|Any CPU.Build.0 = Debug|Any CPU
		{570BACE9-D956-4E0C-9230-2C2C1B8C206E}.Debug|iPhone.ActiveCfg = Debug|Any CPU
		{570BACE9-D956-4E0C-9230-2C2C1B8C206E}.Debug|iPhone.Build.0 = Debug|Any CPU
		{570BACE9-D956-4E0C-9230-2C2C1B8C206E}.Debug|iPhoneSimulator.ActiveCfg = Debug|Any CPU
		{570BACE9-D956-4E0C-9230-2C2C1B8C206E}.Debug|iPhoneSimulator.Build.0 = Debug|Any CPU
		{570BACE9-D956-4E0C-9230-2C2C1B8C206E}.Release|Any CPU.ActiveCfg = Release|Any CPU
		{570BACE9-D956-4E0C-9230-2C2C1B8C206E}.Release|Any CPU.Build.0 = Release|Any CPU
		{570BACE9-D956-4E0C-9230-2C2C1B8C206E}.Release|iPhone.ActiveCfg = Release|Any CPU
		{570BACE9-D956-4E0C-9230-2C2C1B8C206E}.Release|iPhone.Build.0 = Release|Any CPU
		{570BACE9-D956-4E0C-9230-2C2C1B8C206E}.Release|iPhoneSimulator.ActiveCfg = Release|Any CPU
		{570BACE9-D956-4E0C-9230-2C2C1B8C206E}.Release|iPhoneSimulator.Build.0 = Release|Any CPU
	EndGlobalSection
	GlobalSection(SolutionProperties) = preSolution
		HideSolutionNode = FALSE
	EndGlobalSection
	GlobalSection(NestedProjects) = preSolution
		{5D99644D-69C7-49C2-8208-BF79B7273614} = {E035FAD7-54AD-4673-8F36-AFD9C1269787}
		{81342396-7FC4-4DD1-A1D9-8CC76E317485} = {E035FAD7-54AD-4673-8F36-AFD9C1269787}
		{B26AF9F3-4708-4C70-8ADF-20266CA5629E} = {1A0BC3BE-1D5F-4886-BA24-547189BE9E96}
		{93944935-D98B-4B38-9CDA-6CFC37B1CE39} = {1A0BC3BE-1D5F-4886-BA24-547189BE9E96}
		{ABCC8BC5-8F76-47B1-AE85-A8A19C57BE26} = {B26AF9F3-4708-4C70-8ADF-20266CA5629E}
		{F44F6774-DFEB-4D05-8A69-9EED15D39A6E} = {B26AF9F3-4708-4C70-8ADF-20266CA5629E}
		{D926E61B-EED8-42C5-8D31-B000C0DC2D1D} = {B26AF9F3-4708-4C70-8ADF-20266CA5629E}
		{275FD6BE-28D8-453C-9708-B94AFF5F6527} = {93944935-D98B-4B38-9CDA-6CFC37B1CE39}
		{6E8A6A89-CFBA-40A4-8E2A-F116C5BF49D7} = {93944935-D98B-4B38-9CDA-6CFC37B1CE39}
		{570BACE9-D956-4E0C-9230-2C2C1B8C206E} = {93944935-D98B-4B38-9CDA-6CFC37B1CE39}
	EndGlobalSection
EndGlobal
